
Microsoft Visual Studio Solution File, Format Version 12.00
# Visual Studio Version 17
VisualStudioVersion = 17.0.31903.59
MinimumVisualStudioVersion = 10.0.40219.1
Project("{2150E333-8FDC-42A3-9474-1A3956D46DE8}") = "Catalog", "Catalog", "{52DC3EA4-E7F1-4116-9696-5B83E771A156}"
EndProject
Project("{2150E333-8FDC-42A3-9474-1A3956D46DE8}") = "Services", "Services", "{AFFBA052-75A0-41F4-B6C7-83ECFABAA9EB}"
EndProject
Project("{2150E333-8FDC-42A3-9474-1A3956D46DE8}") = "Identity", "Identity", "{D97C0EEE-CDEC-44DA-B247-F8ABA9DBF804}"
EndProject
Project("{2150E333-8FDC-42A3-9474-1A3956D46DE8}") = "Sales", "Sales", "{0C1003D0-1146-4D7E-84AF-C81C544F4E68}"
EndProject
Project("{2150E333-8FDC-42A3-9474-1A3956D46DE8}") = "Pricing", "Pricing", "{01266938-1E3E-4A80-AE5B-D9B48AEB2B14}"
EndProject
Project("{2150E333-8FDC-42A3-9474-1A3956D46DE8}") = "Inventory", "Inventory", "{0E26021A-B3D6-4E29-9C6F-45257B206136}"
EndProject
Project("{2150E333-8FDC-42A3-9474-1A3956D46DE8}") = "Presentation", "Presentation", "{82563AC2-2D72-4774-9268-55F4EBE3E695}"
EndProject
Project("{2150E333-8FDC-42A3-9474-1A3956D46DE8}") = "Manager", "Manager", "{BAA97DEA-92CB-4844-8DDD-15F96F1B0058}"
EndProject
Project("{2150E333-8FDC-42A3-9474-1A3956D46DE8}") = "Web", "Web", "{18AF804A-E301-4063-9728-88E189CB9D6A}"
EndProject
Project("{FAE04EC0-301F-11D3-BF4B-00C04F79EFBC}") = "Daiarts.Inventory.Domain", "src\Inventory\Domain\Daiarts.Inventory.Domain.csproj", "{06A40B9B-AC74-4E5D-ACEF-259C97731A7A}"
EndProject
Project("{2150E333-8FDC-42A3-9474-1A3956D46DE8}") = "Common", "Common", "{0D1A36B6-A24D-4CDA-90D3-DAC05F98E7C3}"
EndProject
Project("{FAE04EC0-301F-11D3-BF4B-00C04F79EFBC}") = "Daiarts.Common.Domain", "src\Common\Domain\Daiarts.Common.Domain.csproj", "{4F1AC761-A317-40BE-9D34-F2C2B838AE57}"
EndProject
Project("{FAE04EC0-301F-11D3-BF4B-00C04F79EFBC}") = "Daiarts.Sales.Domain", "src\Sales\Domain\Daiarts.Sales.Domain.csproj", "{7F16D6D8-2BDF-4FED-B45D-AC3BB0CEAF77}"
EndProject
Project("{FAE04EC0-301F-11D3-BF4B-00C04F79EFBC}") = "Daiarts.Pricing.Domain", "src\Pricing\Domain\Daiarts.Pricing.Domain.csproj", "{FF5F566C-C042-42CE-8060-514932B923D1}"
EndProject
Project("{FAE04EC0-301F-11D3-BF4B-00C04F79EFBC}") = "Daiarts.Inventory.Application", "src\Inventory\Application\Daiarts.Inventory.Application.csproj", "{76626684-4B46-499B-927D-888EFBEE011F}"
EndProject
Project("{FAE04EC0-301F-11D3-BF4B-00C04F79EFBC}") = "Daiarts.Inventory.Infrastructure", "src\Inventory\Infrastructure\Daiarts.Inventory.Infrastructure.csproj", "{C38C670D-8F70-4FF6-963A-AC4B0D0041C1}"
EndProject
Project("{2150E333-8FDC-42A3-9474-1A3956D46DE8}") = "Prototype ", "Prototype ", "{86468A3A-6B78-4098-A2B5-30C7DDB7916C}"
EndProject
Project("{FAE04EC0-301F-11D3-BF4B-00C04F79EFBC}") = "Deiarts.Prototype.Application", "src\Prototype\Application\Deiarts.Prototype.Application.csproj", "{D8AF432F-8EC6-4973-B4A0-7D2079261718}"
EndProject
Project("{FAE04EC0-301F-11D3-BF4B-00C04F79EFBC}") = "Deiarts.Prototype.Domain", "src\Prototype\Domain\Deiarts.Prototype.Domain.csproj", "{651AC555-763C-41DD-A6B5-E80F5E862D70}"
EndProject
Project("{FAE04EC0-301F-11D3-BF4B-00C04F79EFBC}") = "Deiarts.Prototype.Infrastructure", "src\Prototype\Infrastructure\Deiarts.Prototype.Infrastructure.csproj", "{FFD225D8-D776-4214-B734-647C4AA2D21C}"
EndProject
Project("{FAE04EC0-301F-11D3-BF4B-00C04F79EFBC}") = "Deiarts.Prototype.Tests", "tests\Prototype\Tests\Deiarts.Prototype.Tests.csproj", "{3D8543C3-E7A8-4750-B473-9E624803FDC2}"
EndProject
Project("{2150E333-8FDC-42A3-9474-1A3956D46DE8}") = "Tools", "Tools", "{C3228204-75C9-4667-BB89-582680A1D6FC}"
EndProject
Project("{2150E333-8FDC-42A3-9474-1A3956D46DE8}") = "Terminals", "Terminals", "{0808DE74-40E2-4DB1-948B-41249E1D3B9B}"
EndProject
Project("{FAE04EC0-301F-11D3-BF4B-00C04F79EFBC}") = "Deiarts.Tools.Terminals.MathBudget", "src\Tools\Terminals\Math\Deiarts.Tools.Terminals.MathBudget.csproj", "{36888582-51C0-4500-98B7-6836C57B8D81}"
EndProject
Project("{FAE04EC0-301F-11D3-BF4B-00C04F79EFBC}") = "Deiarts.Tools.Terminals.MathBudget.Tests", "tests\Tools\Terminals\Deiarts.Tools.Terminals.MathBudget.Tests\Deiarts.Tools.Terminals.MathBudget.Tests.csproj", "{B0CB5A9F-3671-48DB-A0E3-C69B97FC1FB5}"
EndProject
Global
	GlobalSection(SolutionConfigurationPlatforms) = preSolution
		Debug|Any CPU = Debug|Any CPU
		Release|Any CPU = Release|Any CPU
	EndGlobalSection
	GlobalSection(SolutionProperties) = preSolution
		HideSolutionNode = FALSE
	EndGlobalSection
	GlobalSection(NestedProjects) = preSolution
		{52DC3EA4-E7F1-4116-9696-5B83E771A156} = {AFFBA052-75A0-41F4-B6C7-83ECFABAA9EB}
		{D97C0EEE-CDEC-44DA-B247-F8ABA9DBF804} = {AFFBA052-75A0-41F4-B6C7-83ECFABAA9EB}
		{0C1003D0-1146-4D7E-84AF-C81C544F4E68} = {AFFBA052-75A0-41F4-B6C7-83ECFABAA9EB}
		{01266938-1E3E-4A80-AE5B-D9B48AEB2B14} = {AFFBA052-75A0-41F4-B6C7-83ECFABAA9EB}
		{0E26021A-B3D6-4E29-9C6F-45257B206136} = {AFFBA052-75A0-41F4-B6C7-83ECFABAA9EB}
		{BAA97DEA-92CB-4844-8DDD-15F96F1B0058} = {82563AC2-2D72-4774-9268-55F4EBE3E695}
		{18AF804A-E301-4063-9728-88E189CB9D6A} = {BAA97DEA-92CB-4844-8DDD-15F96F1B0058}
		{06A40B9B-AC74-4E5D-ACEF-259C97731A7A} = {0E26021A-B3D6-4E29-9C6F-45257B206136}
		{0D1A36B6-A24D-4CDA-90D3-DAC05F98E7C3} = {AFFBA052-75A0-41F4-B6C7-83ECFABAA9EB}
		{4F1AC761-A317-40BE-9D34-F2C2B838AE57} = {0D1A36B6-A24D-4CDA-90D3-DAC05F98E7C3}
		{7F16D6D8-2BDF-4FED-B45D-AC3BB0CEAF77} = {0C1003D0-1146-4D7E-84AF-C81C544F4E68}
		{FF5F566C-C042-42CE-8060-514932B923D1} = {01266938-1E3E-4A80-AE5B-D9B48AEB2B14}
		{76626684-4B46-499B-927D-888EFBEE011F} = {0E26021A-B3D6-4E29-9C6F-45257B206136}
		{C38C670D-8F70-4FF6-963A-AC4B0D0041C1} = {0E26021A-B3D6-4E29-9C6F-45257B206136}
		{D8AF432F-8EC6-4973-B4A0-7D2079261718} = {86468A3A-6B78-4098-A2B5-30C7DDB7916C}
		{651AC555-763C-41DD-A6B5-E80F5E862D70} = {86468A3A-6B78-4098-A2B5-30C7DDB7916C}
		{FFD225D8-D776-4214-B734-647C4AA2D21C} = {86468A3A-6B78-4098-A2B5-30C7DDB7916C}
		{3D8543C3-E7A8-4750-B473-9E624803FDC2} = {86468A3A-6B78-4098-A2B5-30C7DDB7916C}
		{0808DE74-40E2-4DB1-948B-41249E1D3B9B} = {C3228204-75C9-4667-BB89-582680A1D6FC}
		{36888582-51C0-4500-98B7-6836C57B8D81} = {0808DE74-40E2-4DB1-948B-41249E1D3B9B}
		{B0CB5A9F-3671-48DB-A0E3-C69B97FC1FB5} = {0808DE74-40E2-4DB1-948B-41249E1D3B9B}
	EndGlobalSection
	GlobalSection(ProjectConfigurationPlatforms) = postSolution
		{06A40B9B-AC74-4E5D-ACEF-259C97731A7A}.Debug|Any CPU.ActiveCfg = Debug|Any CPU
		{06A40B9B-AC74-4E5D-ACEF-259C97731A7A}.Debug|Any CPU.Build.0 = Debug|Any CPU
		{06A40B9B-AC74-4E5D-ACEF-259C97731A7A}.Release|Any CPU.ActiveCfg = Release|Any CPU
		{06A40B9B-AC74-4E5D-ACEF-259C97731A7A}.Release|Any CPU.Build.0 = Release|Any CPU
		{4F1AC761-A317-40BE-9D34-F2C2B838AE57}.Debug|Any CPU.ActiveCfg = Debug|Any CPU
		{4F1AC761-A317-40BE-9D34-F2C2B838AE57}.Debug|Any CPU.Build.0 = Debug|Any CPU
		{4F1AC761-A317-40BE-9D34-F2C2B838AE57}.Release|Any CPU.ActiveCfg = Release|Any CPU
		{4F1AC761-A317-40BE-9D34-F2C2B838AE57}.Release|Any CPU.Build.0 = Release|Any CPU
		{7F16D6D8-2BDF-4FED-B45D-AC3BB0CEAF77}.Debug|Any CPU.ActiveCfg = Debug|Any CPU
		{7F16D6D8-2BDF-4FED-B45D-AC3BB0CEAF77}.Debug|Any CPU.Build.0 = Debug|Any CPU
		{7F16D6D8-2BDF-4FED-B45D-AC3BB0CEAF77}.Release|Any CPU.ActiveCfg = Release|Any CPU
		{7F16D6D8-2BDF-4FED-B45D-AC3BB0CEAF77}.Release|Any CPU.Build.0 = Release|Any CPU
		{FF5F566C-C042-42CE-8060-514932B923D1}.Debug|Any CPU.ActiveCfg = Debug|Any CPU
		{FF5F566C-C042-42CE-8060-514932B923D1}.Debug|Any CPU.Build.0 = Debug|Any CPU
		{FF5F566C-C042-42CE-8060-514932B923D1}.Release|Any CPU.ActiveCfg = Release|Any CPU
		{FF5F566C-C042-42CE-8060-514932B923D1}.Release|Any CPU.Build.0 = Release|Any CPU
		{76626684-4B46-499B-927D-888EFBEE011F}.Debug|Any CPU.ActiveCfg = Debug|Any CPU
		{76626684-4B46-499B-927D-888EFBEE011F}.Debug|Any CPU.Build.0 = Debug|Any CPU
		{76626684-4B46-499B-927D-888EFBEE011F}.Release|Any CPU.ActiveCfg = Release|Any CPU
		{76626684-4B46-499B-927D-888EFBEE011F}.Release|Any CPU.Build.0 = Release|Any CPU
		{C38C670D-8F70-4FF6-963A-AC4B0D0041C1}.Debug|Any CPU.ActiveCfg = Debug|Any CPU
		{C38C670D-8F70-4FF6-963A-AC4B0D0041C1}.Debug|Any CPU.Build.0 = Debug|Any CPU
		{C38C670D-8F70-4FF6-963A-AC4B0D0041C1}.Release|Any CPU.ActiveCfg = Release|Any CPU
		{C38C670D-8F70-4FF6-963A-AC4B0D0041C1}.Release|Any CPU.Build.0 = Release|Any CPU
		{D8AF432F-8EC6-4973-B4A0-7D2079261718}.Debug|Any CPU.ActiveCfg = Debug|Any CPU
		{D8AF432F-8EC6-4973-B4A0-7D2079261718}.Debug|Any CPU.Build.0 = Debug|Any CPU
		{D8AF432F-8EC6-4973-B4A0-7D2079261718}.Release|Any CPU.ActiveCfg = Release|Any CPU
		{D8AF432F-8EC6-4973-B4A0-7D2079261718}.Release|Any CPU.Build.0 = Release|Any CPU
		{651AC555-763C-41DD-A6B5-E80F5E862D70}.Debug|Any CPU.ActiveCfg = Debug|Any CPU
		{651AC555-763C-41DD-A6B5-E80F5E862D70}.Debug|Any CPU.Build.0 = Debug|Any CPU
		{651AC555-763C-41DD-A6B5-E80F5E862D70}.Release|Any CPU.ActiveCfg = Release|Any CPU
		{651AC555-763C-41DD-A6B5-E80F5E862D70}.Release|Any CPU.Build.0 = Release|Any CPU
		{FFD225D8-D776-4214-B734-647C4AA2D21C}.Debug|Any CPU.ActiveCfg = Debug|Any CPU
		{FFD225D8-D776-4214-B734-647C4AA2D21C}.Debug|Any CPU.Build.0 = Debug|Any CPU
		{FFD225D8-D776-4214-B734-647C4AA2D21C}.Release|Any CPU.ActiveCfg = Release|Any CPU
		{FFD225D8-D776-4214-B734-647C4AA2D21C}.Release|Any CPU.Build.0 = Release|Any CPU
		{3D8543C3-E7A8-4750-B473-9E624803FDC2}.Debug|Any CPU.ActiveCfg = Debug|Any CPU
		{3D8543C3-E7A8-4750-B473-9E624803FDC2}.Debug|Any CPU.Build.0 = Debug|Any CPU
		{3D8543C3-E7A8-4750-B473-9E624803FDC2}.Release|Any CPU.ActiveCfg = Release|Any CPU
		{3D8543C3-E7A8-4750-B473-9E624803FDC2}.Release|Any CPU.Build.0 = Release|Any CPU
		{36888582-51C0-4500-98B7-6836C57B8D81}.Debug|Any CPU.ActiveCfg = Debug|Any CPU
		{36888582-51C0-4500-98B7-6836C57B8D81}.Debug|Any CPU.Build.0 = Debug|Any CPU
		{36888582-51C0-4500-98B7-6836C57B8D81}.Release|Any CPU.ActiveCfg = Release|Any CPU
		{36888582-51C0-4500-98B7-6836C57B8D81}.Release|Any CPU.Build.0 = Release|Any CPU
		{B0CB5A9F-3671-48DB-A0E3-C69B97FC1FB5}.Debug|Any CPU.ActiveCfg = Debug|Any CPU
		{B0CB5A9F-3671-48DB-A0E3-C69B97FC1FB5}.Debug|Any CPU.Build.0 = Debug|Any CPU
		{B0CB5A9F-3671-48DB-A0E3-C69B97FC1FB5}.Release|Any CPU.ActiveCfg = Release|Any CPU
		{B0CB5A9F-3671-48DB-A0E3-C69B97FC1FB5}.Release|Any CPU.Build.0 = Release|Any CPU
	EndGlobalSection
EndGlobal
