
Microsoft Visual Studio Solution File, Format Version 12.00
# Visual Studio Version 17
VisualStudioVersion = 17.0.31903.59
MinimumVisualStudioVersion = 10.0.40219.1
Project("{2150E333-8FDC-42A3-9474-1A3956D46DE8}") = "Catalog", "Catalog", "{52DC3EA4-E7F1-4116-9696-5B83E771A156}"
EndProject
Project("{2150E333-8FDC-42A3-9474-1A3956D46DE8}") = "Services", "Services", "{AFFBA052-75A0-41F4-B6C7-83ECFABAA9EB}"
EndProject
Project("{2150E333-8FDC-42A3-9474-1A3956D46DE8}") = "Identity", "Identity", "{D97C0EEE-CDEC-44DA-B247-F8ABA9DBF804}"
EndProject
Project("{2150E333-8FDC-42A3-9474-1A3956D46DE8}") = "Sales", "Sales", "{0C1003D0-1146-4D7E-84AF-C81C544F4E68}"
EndProject
Project("{2150E333-8FDC-42A3-9474-1A3956D46DE8}") = "Pricing", "Pricing", "{01266938-1E3E-4A80-AE5B-D9B48AEB2B14}"
EndProject
Project("{2150E333-8FDC-42A3-9474-1A3956D46DE8}") = "Inventory", "Inventory", "{0E26021A-B3D6-4E29-9C6F-45257B206136}"
EndProject
Project("{2150E333-8FDC-42A3-9474-1A3956D46DE8}") = "Presentation", "Presentation", "{82563AC2-2D72-4774-9268-55F4EBE3E695}"
EndProject
Project("{2150E333-8FDC-42A3-9474-1A3956D46DE8}") = "Manager", "Manager", "{BAA97DEA-92CB-4844-8DDD-15F96F1B0058}"
EndProject
Project("{2150E333-8FDC-42A3-9474-1A3956D46DE8}") = "Web", "Web", "{18AF804A-E301-4063-9728-88E189CB9D6A}"
EndProject
Project("{FAE04EC0-301F-11D3-BF4B-00C04F79EFBC}") = "Daiarts.Inventory.Domain", "src\Inventory\Domain\Daiarts.Inventory.Domain.csproj", "{06A40B9B-AC74-4E5D-ACEF-259C97731A7A}"
EndProject
Project("{2150E333-8FDC-42A3-9474-1A3956D46DE8}") = "Common", "Common", "{0D1A36B6-A24D-4CDA-90D3-DAC05F98E7C3}"
EndProject
Project("{FAE04EC0-301F-11D3-BF4B-00C04F79EFBC}") = "Daiarts.Common.Domain", "src\Common\Domain\Daiarts.Common.Domain.csproj", "{4F1AC761-A317-40BE-9D34-F2C2B838AE57}"
EndProject
Project("{FAE04EC0-301F-11D3-BF4B-00C04F79EFBC}") = "Daiarts.Sales.Domain", "src\Sales\Domain\Daiarts.Sales.Domain.csproj", "{7F16D6D8-2BDF-4FED-B45D-AC3BB0CEAF77}"
EndProject
Global
	GlobalSection(SolutionConfigurationPlatforms) = preSolution
		Debug|Any CPU = Debug|Any CPU
		Release|Any CPU = Release|Any CPU
	EndGlobalSection
	GlobalSection(SolutionProperties) = preSolution
		HideSolutionNode = FALSE
	EndGlobalSection
	GlobalSection(NestedProjects) = preSolution
		{52DC3EA4-E7F1-4116-9696-5B83E771A156} = {AFFBA052-75A0-41F4-B6C7-83ECFABAA9EB}
		{D97C0EEE-CDEC-44DA-B247-F8ABA9DBF804} = {AFFBA052-75A0-41F4-B6C7-83ECFABAA9EB}
		{0C1003D0-1146-4D7E-84AF-C81C544F4E68} = {AFFBA052-75A0-41F4-B6C7-83ECFABAA9EB}
		{01266938-1E3E-4A80-AE5B-D9B48AEB2B14} = {AFFBA052-75A0-41F4-B6C7-83ECFABAA9EB}
		{0E26021A-B3D6-4E29-9C6F-45257B206136} = {AFFBA052-75A0-41F4-B6C7-83ECFABAA9EB}
		{BAA97DEA-92CB-4844-8DDD-15F96F1B0058} = {82563AC2-2D72-4774-9268-55F4EBE3E695}
		{18AF804A-E301-4063-9728-88E189CB9D6A} = {BAA97DEA-92CB-4844-8DDD-15F96F1B0058}
		{06A40B9B-AC74-4E5D-ACEF-259C97731A7A} = {0E26021A-B3D6-4E29-9C6F-45257B206136}
		{0D1A36B6-A24D-4CDA-90D3-DAC05F98E7C3} = {AFFBA052-75A0-41F4-B6C7-83ECFABAA9EB}
		{4F1AC761-A317-40BE-9D34-F2C2B838AE57} = {0D1A36B6-A24D-4CDA-90D3-DAC05F98E7C3}
		{7F16D6D8-2BDF-4FED-B45D-AC3BB0CEAF77} = {0C1003D0-1146-4D7E-84AF-C81C544F4E68}
	EndGlobalSection
	GlobalSection(ProjectConfigurationPlatforms) = postSolution
		{06A40B9B-AC74-4E5D-ACEF-259C97731A7A}.Debug|Any CPU.ActiveCfg = Debug|Any CPU
		{06A40B9B-AC74-4E5D-ACEF-259C97731A7A}.Debug|Any CPU.Build.0 = Debug|Any CPU
		{06A40B9B-AC74-4E5D-ACEF-259C97731A7A}.Release|Any CPU.ActiveCfg = Release|Any CPU
		{06A40B9B-AC74-4E5D-ACEF-259C97731A7A}.Release|Any CPU.Build.0 = Release|Any CPU
		{4F1AC761-A317-40BE-9D34-F2C2B838AE57}.Debug|Any CPU.ActiveCfg = Debug|Any CPU
		{4F1AC761-A317-40BE-9D34-F2C2B838AE57}.Debug|Any CPU.Build.0 = Debug|Any CPU
		{4F1AC761-A317-40BE-9D34-F2C2B838AE57}.Release|Any CPU.ActiveCfg = Release|Any CPU
		{4F1AC761-A317-40BE-9D34-F2C2B838AE57}.Release|Any CPU.Build.0 = Release|Any CPU
		{7F16D6D8-2BDF-4FED-B45D-AC3BB0CEAF77}.Debug|Any CPU.ActiveCfg = Debug|Any CPU
		{7F16D6D8-2BDF-4FED-B45D-AC3BB0CEAF77}.Debug|Any CPU.Build.0 = Debug|Any CPU
		{7F16D6D8-2BDF-4FED-B45D-AC3BB0CEAF77}.Release|Any CPU.ActiveCfg = Release|Any CPU
		{7F16D6D8-2BDF-4FED-B45D-AC3BB0CEAF77}.Release|Any CPU.Build.0 = Release|Any CPU
	EndGlobalSection
EndGlobal
